
Microsoft Visual Studio Solution File, Format Version 12.00
# Visual Studio Version 17
VisualStudioVersion = 17.14.36127.28 d17.14
MinimumVisualStudioVersion = 10.0.40219.1
Project("{8BC9CEB8-8B4A-11D0-8D11-00A0C91BC942}") = "RuntimeFFlagEditor", "RuntimeFFlagEditor\RuntimeFFlagEditor.vcxproj", "{3DE8DC0A-50D0-492D-A1FD-8B6996E991FA}"
EndProject
Global
	GlobalSection(SolutionConfigurationPlatforms) = preSolution
		Debug|x64 = Debug|x64
		Debug|x86 = Debug|x86
		Release|x64 = Release|x64
		Release|x86 = Release|x86
	EndGlobalSection
	GlobalSection(ProjectConfigurationPlatforms) = postSolution
		{3DE8DC0A-50D0-492D-A1FD-8B6996E991FA}.Debug|x64.ActiveCfg = Debug|x64
		{3DE8DC0A-50D0-492D-A1FD-8B6996E991FA}.Debug|x64.Build.0 = Debug|x64
		{3DE8DC0A-50D0-492D-A1FD-8B6996E991FA}.Debug|x86.ActiveCfg = Debug|Win32
		{3DE8DC0A-50D0-492D-A1FD-8B6996E991FA}.Debug|x86.Build.0 = Debug|Win32
		{3DE8DC0A-50D0-492D-A1FD-8B6996E991FA}.Release|x64.ActiveCfg = Release|x64
		{3DE8DC0A-50D0-492D-A1FD-8B6996E991FA}.Release|x64.Build.0 = Release|x64
		{3DE8DC0A-50D0-492D-A1FD-8B6996E991FA}.Release|x86.ActiveCfg = Release|Win32
		{3DE8DC0A-50D0-492D-A1FD-8B6996E991FA}.Release|x86.Build.0 = Release|Win32
	EndGlobalSection
	GlobalSection(SolutionProperties) = preSolution
		HideSolutionNode = FALSE
	EndGlobalSection
	GlobalSection(ExtensibilityGlobals) = postSolution
		SolutionGuid = {ACB217FE-EF7A-42DF-9BB1-9F866D0287D3}
	EndGlobalSection
EndGlobal
